Microsoft Visual Studio Solution File, Format Version 12.00
# Visual Studio Version 17
VisualStudioVersion = 17.5.2.0
MinimumVisualStudioVersion = 10.0.40219.1
Project("{FAE04EC0-301F-11D3-BF4B-00C04F79EFBC}") = "B11309012", "B11309012.csproj", "{5683A27C-AFFE-84A4-4A6E-D310B9897154}"
EndProject
Global
	GlobalSection(SolutionConfigurationPlatforms) = preSolution
		Debug|Any CPU = Debug|Any CPU
		Release|Any CPU = Release|Any CPU
	EndGlobalSection
	GlobalSection(ProjectConfigurationPlatforms) = postSolution
		{5683A27C-AFFE-84A4-4A6E-D310B9897154}.Debug|Any CPU.ActiveCfg = Debug|Any CPU
		{5683A27C-AFFE-84A4-4A6E-D310B9897154}.Debug|Any CPU.Build.0 = Debug|Any CPU
		{5683A27C-AFFE-84A4-4A6E-D310B9897154}.Release|Any CPU.ActiveCfg = Release|Any CPU
		{5683A27C-AFFE-84A4-4A6E-D310B9897154}.Release|Any CPU.Build.0 = Release|Any CPU
	EndGlobalSection
	GlobalSection(SolutionProperties) = preSolution
		HideSolutionNode = FALSE
	EndGlobalSection
	GlobalSection(ExtensibilityGlobals) = postSolution
		SolutionGuid = {71758BD1-74A5-407C-B967-05CD6FAD767A}
	EndGlobalSection
EndGlobal
